---
version: 0.7.5
groups:
  default:
    dependencies:
    - com.codahale.metrics:metrics-core:jar:3.0.1
    - com.codahale.metrics:metrics-healthchecks:jar:3.0.1
    - org.slf4j:slf4j-api:jar:1.7.5
    artifacts:
    - jar:com.codahale.metrics:metrics-core:jar:3.0.1:
        transitive: {}
    - jar:com.codahale.metrics:metrics-healthchecks:jar:3.0.1:
        transitive:
          org.slf4j:slf4j-api:jar:1.7.5: {}
